
Microsoft Visual Studio Solution File, Format Version 12.00
# Visual Studio Version 17
VisualStudioVersion = 17.4.33110.190
MinimumVisualStudioVersion = 10.0.40219.1
Project("{FAE04EC0-301F-11D3-BF4B-00C04F79EFBC}") = "Proxy", "Proxy\Proxy.csproj", "{50FF20AE-7634-4A02-897F-1CED640C6BA2}"
EndProject
Global
	GlobalSection(SolutionConfigurationPlatforms) = preSolution
		Debug|Any CPU = Debug|Any CPU
		Release|Any CPU = Release|Any CPU
	EndGlobalSection
	GlobalSection(ProjectConfigurationPlatforms) = postSolution
		{50FF20AE-7634-4A02-897F-1CED640C6BA2}.Debug|Any CPU.ActiveCfg = Debug|Any CPU
		{50FF20AE-7634-4A02-897F-1CED640C6BA2}.Debug|Any CPU.Build.0 = Debug|Any CPU
		{50FF20AE-7634-4A02-897F-1CED640C6BA2}.Release|Any CPU.ActiveCfg = Release|Any CPU
		{50FF20AE-7634-4A02-897F-1CED640C6BA2}.Release|Any CPU.Build.0 = Release|Any CPU
	EndGlobalSection
	GlobalSection(SolutionProperties) = preSolution
		HideSolutionNode = FALSE
	EndGlobalSection
	GlobalSection(ExtensibilityGlobals) = postSolution
		SolutionGuid = {D3C90EB0-990E-443B-B580-E28862596549}
	EndGlobalSection
EndGlobal
